
Microsoft Visual Studio Solution File, Format Version 12.00
# Visual Studio Version 17
VisualStudioVersion = 17.14.36518.9
MinimumVisualStudioVersion = 10.0.40219.1
Project("{FAE04EC0-301F-11D3-BF4B-00C04F79EFBC}") = "SmartSetList.Web", "SmartSetList\SmartSetList.Web.csproj", "{CA94958F-0166-4DCF-9CC8-320AC96B1DA7}"
EndProject
Project("{FAE04EC0-301F-11D3-BF4B-00C04F79EFBC}") = "SmartSetList.Spotify", "SmartSetList.Spotify\SmartSetList.Spotify.csproj", "{CAFBE551-8659-4289-B006-DDAB08864A68}"
EndProject
Project("{FAE04EC0-301F-11D3-BF4B-00C04F79EFBC}") = "SmartSetList.Core", "SmartSetList.Core\SmartSetList.Core.csproj", "{49AB6058-9B41-41F3-BB39-354124D3E8B3}"
EndProject
Project("{FAE04EC0-301F-11D3-BF4B-00C04F79EFBC}") = "SmartSetList.Data", "SmartSetList.Data\SmartSetList.Data.csproj", "{99417C65-6023-48B7-9902-066C2A344FFC}"
EndProject
Project("{FAE04EC0-301F-11D3-BF4B-00C04F79EFBC}") = "SmartSetList.Shared", "SmartSetList.Shared\SmartSetList.Shared.csproj", "{18443F6A-A3D7-4CAC-83EE-2DEE4A72C081}"
EndProject
Global
	GlobalSection(SolutionConfigurationPlatforms) = preSolution
		Debug|Any CPU = Debug|Any CPU
		Release|Any CPU = Release|Any CPU
	EndGlobalSection
	GlobalSection(ProjectConfigurationPlatforms) = postSolution
		{CA94958F-0166-4DCF-9CC8-320AC96B1DA7}.Debug|Any CPU.ActiveCfg = Debug|Any CPU
		{CA94958F-0166-4DCF-9CC8-320AC96B1DA7}.Debug|Any CPU.Build.0 = Debug|Any CPU
		{CA94958F-0166-4DCF-9CC8-320AC96B1DA7}.Release|Any CPU.ActiveCfg = Release|Any CPU
		{CA94958F-0166-4DCF-9CC8-320AC96B1DA7}.Release|Any CPU.Build.0 = Release|Any CPU
		{CAFBE551-8659-4289-B006-DDAB08864A68}.Debug|Any CPU.ActiveCfg = Debug|Any CPU
		{CAFBE551-8659-4289-B006-DDAB08864A68}.Debug|Any CPU.Build.0 = Debug|Any CPU
		{CAFBE551-8659-4289-B006-DDAB08864A68}.Release|Any CPU.ActiveCfg = Release|Any CPU
		{CAFBE551-8659-4289-B006-DDAB08864A68}.Release|Any CPU.Build.0 = Release|Any CPU
		{49AB6058-9B41-41F3-BB39-354124D3E8B3}.Debug|Any CPU.ActiveCfg = Debug|Any CPU
		{49AB6058-9B41-41F3-BB39-354124D3E8B3}.Debug|Any CPU.Build.0 = Debug|Any CPU
		{49AB6058-9B41-41F3-BB39-354124D3E8B3}.Release|Any CPU.ActiveCfg = Release|Any CPU
		{49AB6058-9B41-41F3-BB39-354124D3E8B3}.Release|Any CPU.Build.0 = Release|Any CPU
		{99417C65-6023-48B7-9902-066C2A344FFC}.Debug|Any CPU.ActiveCfg = Debug|Any CPU
		{99417C65-6023-48B7-9902-066C2A344FFC}.Debug|Any CPU.Build.0 = Debug|Any CPU
		{99417C65-6023-48B7-9902-066C2A344FFC}.Release|Any CPU.ActiveCfg = Release|Any CPU
		{99417C65-6023-48B7-9902-066C2A344FFC}.Release|Any CPU.Build.0 = Release|Any CPU
		{18443F6A-A3D7-4CAC-83EE-2DEE4A72C081}.Debug|Any CPU.ActiveCfg = Debug|Any CPU
		{18443F6A-A3D7-4CAC-83EE-2DEE4A72C081}.Debug|Any CPU.Build.0 = Debug|Any CPU
		{18443F6A-A3D7-4CAC-83EE-2DEE4A72C081}.Release|Any CPU.ActiveCfg = Release|Any CPU
		{18443F6A-A3D7-4CAC-83EE-2DEE4A72C081}.Release|Any CPU.Build.0 = Release|Any CPU
	EndGlobalSection
	GlobalSection(SolutionProperties) = preSolution
		HideSolutionNode = FALSE
	EndGlobalSection
	GlobalSection(ExtensibilityGlobals) = postSolution
		SolutionGuid = {C6491C81-2FC2-4B41-B66A-CA1C5019B3AA}
	EndGlobalSection
EndGlobal
